
Microsoft Visual Studio Solution File, Format Version 12.00
# Visual Studio Version 17
VisualStudioVersion = 17.7.34031.279
MinimumVisualStudioVersion = 10.0.40219.1
Project("{FAE04EC0-301F-11D3-BF4B-00C04F79EFBC}") = "ATMWebAPP", "ATMWebAPP.csproj", "{DD03939D-2F52-4B9D-8C8A-B57994351631}"
EndProject
Global
	GlobalSection(SolutionConfigurationPlatforms) = preSolution
		Debug|Any CPU = Debug|Any CPU
		Release|Any CPU = Release|Any CPU
	EndGlobalSection
	GlobalSection(ProjectConfigurationPlatforms) = postSolution
		{DD03939D-2F52-4B9D-8C8A-B57994351631}.Debug|Any CPU.ActiveCfg = Debug|Any CPU
		{DD03939D-2F52-4B9D-8C8A-B57994351631}.Debug|Any CPU.Build.0 = Debug|Any CPU
		{DD03939D-2F52-4B9D-8C8A-B57994351631}.Release|Any CPU.ActiveCfg = Release|Any CPU
		{DD03939D-2F52-4B9D-8C8A-B57994351631}.Release|Any CPU.Build.0 = Release|Any CPU
	EndGlobalSection
	GlobalSection(SolutionProperties) = preSolution
		HideSolutionNode = FALSE
	EndGlobalSection
	GlobalSection(ExtensibilityGlobals) = postSolution
		SolutionGuid = {651EC709-5FFD-47FB-ACA4-1369231C283E}
	EndGlobalSection
EndGlobal
